
Microsoft Visual Studio Solution File, Format Version 12.00
# Visual Studio Version 17
VisualStudioVersion = 17.6.33829.357
MinimumVisualStudioVersion = 10.0.40219.1
Project("{8BC9CEB8-8B4A-11D0-8D11-00A0C91BC942}") = "SummerAI2023", "Homework\Homework.vcxproj", "{35904BEE-24B9-458B-8FE4-2001BD8286DF}"
EndProject
Project("{8BC9CEB8-8B4A-11D0-8D11-00A0C91BC942}") = "AI", "AI\AI.vcxproj", "{98D87D8A-BD7F-432D-8E41-D69687D1837F}"
EndProject
Project("{8BC9CEB8-8B4A-11D0-8D11-00A0C91BC942}") = "FSM", "FSM\FSM.vcxproj", "{FDC89B98-A65E-4C16-BF87-261222188123}"
EndProject
Global
	GlobalSection(SolutionConfigurationPlatforms) = preSolution
		Debug|x64 = Debug|x64
		Debug|x86 = Debug|x86
		Release|x64 = Release|x64
		Release|x86 = Release|x86
	EndGlobalSection
	GlobalSection(ProjectConfigurationPlatforms) = postSolution
		{35904BEE-24B9-458B-8FE4-2001BD8286DF}.Debug|x64.ActiveCfg = Debug|x64
		{35904BEE-24B9-458B-8FE4-2001BD8286DF}.Debug|x64.Build.0 = Debug|x64
		{35904BEE-24B9-458B-8FE4-2001BD8286DF}.Debug|x86.ActiveCfg = Debug|Win32
		{35904BEE-24B9-458B-8FE4-2001BD8286DF}.Debug|x86.Build.0 = Debug|Win32
		{35904BEE-24B9-458B-8FE4-2001BD8286DF}.Release|x64.ActiveCfg = Release|x64
		{35904BEE-24B9-458B-8FE4-2001BD8286DF}.Release|x64.Build.0 = Release|x64
		{35904BEE-24B9-458B-8FE4-2001BD8286DF}.Release|x86.ActiveCfg = Release|Win32
		{35904BEE-24B9-458B-8FE4-2001BD8286DF}.Release|x86.Build.0 = Release|Win32
		{98D87D8A-BD7F-432D-8E41-D69687D1837F}.Debug|x64.ActiveCfg = Debug|x64
		{98D87D8A-BD7F-432D-8E41-D69687D1837F}.Debug|x64.Build.0 = Debug|x64
		{98D87D8A-BD7F-432D-8E41-D69687D1837F}.Debug|x86.ActiveCfg = Debug|Win32
		{98D87D8A-BD7F-432D-8E41-D69687D1837F}.Debug|x86.Build.0 = Debug|Win32
		{98D87D8A-BD7F-432D-8E41-D69687D1837F}.Release|x64.ActiveCfg = Release|x64
		{98D87D8A-BD7F-432D-8E41-D69687D1837F}.Release|x64.Build.0 = Release|x64
		{98D87D8A-BD7F-432D-8E41-D69687D1837F}.Release|x86.ActiveCfg = Release|Win32
		{98D87D8A-BD7F-432D-8E41-D69687D1837F}.Release|x86.Build.0 = Release|Win32
		{FDC89B98-A65E-4C16-BF87-261222188123}.Debug|x64.ActiveCfg = Debug|x64
		{FDC89B98-A65E-4C16-BF87-261222188123}.Debug|x64.Build.0 = Debug|x64
		{FDC89B98-A65E-4C16-BF87-261222188123}.Debug|x86.ActiveCfg = Debug|Win32
		{FDC89B98-A65E-4C16-BF87-261222188123}.Debug|x86.Build.0 = Debug|Win32
		{FDC89B98-A65E-4C16-BF87-261222188123}.Release|x64.ActiveCfg = Release|x64
		{FDC89B98-A65E-4C16-BF87-261222188123}.Release|x64.Build.0 = Release|x64
		{FDC89B98-A65E-4C16-BF87-261222188123}.Release|x86.ActiveCfg = Release|Win32
		{FDC89B98-A65E-4C16-BF87-261222188123}.Release|x86.Build.0 = Release|Win32
	EndGlobalSection
	GlobalSection(SolutionProperties) = preSolution
		HideSolutionNode = FALSE
	EndGlobalSection
	GlobalSection(ExtensibilityGlobals) = postSolution
		SolutionGuid = {4E6FF8E2-C4A8-44FA-B4B0-06314EF4F3A0}
	EndGlobalSection
EndGlobal
